
Microsoft Visual Studio Solution File, Format Version 12.00
# Visual Studio Version 17
VisualStudioVersion = 17.14.36518.9 d17.14
MinimumVisualStudioVersion = 10.0.40219.1
Project("{FAE04EC0-301F-11D3-BF4B-00C04F79EFBC}") = "P2_1_714240045", "P2_1_714240045.csproj", "{88C3BE58-C9CE-4EC6-ACB8-5B8432AAA5AD}"
EndProject
Global
	GlobalSection(SolutionConfigurationPlatforms) = preSolution
		Debug|Any CPU = Debug|Any CPU
		Release|Any CPU = Release|Any CPU
	EndGlobalSection
	GlobalSection(ProjectConfigurationPlatforms) = postSolution
		{88C3BE58-C9CE-4EC6-ACB8-5B8432AAA5AD}.Debug|Any CPU.ActiveCfg = Debug|Any CPU
		{88C3BE58-C9CE-4EC6-ACB8-5B8432AAA5AD}.Debug|Any CPU.Build.0 = Debug|Any CPU
		{88C3BE58-C9CE-4EC6-ACB8-5B8432AAA5AD}.Release|Any CPU.ActiveCfg = Release|Any CPU
		{88C3BE58-C9CE-4EC6-ACB8-5B8432AAA5AD}.Release|Any CPU.Build.0 = Release|Any CPU
	EndGlobalSection
	GlobalSection(SolutionProperties) = preSolution
		HideSolutionNode = FALSE
	EndGlobalSection
	GlobalSection(ExtensibilityGlobals) = postSolution
		SolutionGuid = {EFB65C6A-A1EB-4B6D-BFDC-B0258C0FE410}
	EndGlobalSection
EndGlobal
